// !$*UTF8*$!
{
	archiveVersion = 1;
	classes = {
	};
	objectVersion = 55;
	objects = {

/* Begin PBXBuildFile section */
		DE05A0132782EF9800733D9B /* LanternfishTests.swift in Sources */ = {isa = PBXBuildFile; fileRef = DE05A0122782EF9800733D9B /* LanternfishTests.swift */; };
		DE05A01B2783537B00733D9B /* Lanternfish.swift in Sources */ = {isa = PBXBuildFile; fileRef = DE05A01A2783537B00733D9B /* Lanternfish.swift */; };
		DE05A01C2783537B00733D9B /* Lanternfish.swift in Sources */ = {isa = PBXBuildFile; fileRef = DE05A01A2783537B00733D9B /* Lanternfish.swift */; };
		DE05A01D2783537B00733D9B /* Lanternfish.swift in Sources */ = {isa = PBXBuildFile; fileRef = DE05A01A2783537B00733D9B /* Lanternfish.swift */; };
		DE05A01F278353DD00733D9B /* LanternfishInput.swift in Sources */ = {isa = PBXBuildFile; fileRef = DE05A01E278353DD00733D9B /* LanternfishInput.swift */; };
		DE05A020278353DD00733D9B /* LanternfishInput.swift in Sources */ = {isa = PBXBuildFile; fileRef = DE05A01E278353DD00733D9B /* LanternfishInput.swift */; };
		DE05A021278353DD00733D9B /* LanternfishInput.swift in Sources */ = {isa = PBXBuildFile; fileRef = DE05A01E278353DD00733D9B /* LanternfishInput.swift */; };
		DE82675F2783605000E19309 /* LanternfishView.swift in Sources */ = {isa = PBXBuildFile; fileRef = DE82675E2783605000E19309 /* LanternfishView.swift */; };
		DE8267602783605000E19309 /* LanternfishView.swift in Sources */ = {isa = PBXBuildFile; fileRef = DE82675E2783605000E19309 /* LanternfishView.swift */; };
		DE8267612783605000E19309 /* LanternfishView.swift in Sources */ = {isa = PBXBuildFile; fileRef = DE82675E2783605000E19309 /* LanternfishView.swift */; };
		DE826763278363B000E19309 /* PieSliceView.swift in Sources */ = {isa = PBXBuildFile; fileRef = DE826762278363B000E19309 /* PieSliceView.swift */; };
		DE826764278363B000E19309 /* PieSliceView.swift in Sources */ = {isa = PBXBuildFile; fileRef = DE826762278363B000E19309 /* PieSliceView.swift */; };
		DE826765278363B000E19309 /* PieSliceView.swift in Sources */ = {isa = PBXBuildFile; fileRef = DE826762278363B000E19309 /* PieSliceView.swift */; };
		DE826767278375F800E19309 /* LanternfishViewModel.swift in Sources */ = {isa = PBXBuildFile; fileRef = DE826766278375F800E19309 /* LanternfishViewModel.swift */; };
		DE826768278375F800E19309 /* LanternfishViewModel.swift in Sources */ = {isa = PBXBuildFile; fileRef = DE826766278375F800E19309 /* LanternfishViewModel.swift */; };
		DE826769278375F800E19309 /* LanternfishViewModel.swift in Sources */ = {isa = PBXBuildFile; fileRef = DE826766278375F800E19309 /* LanternfishViewModel.swift */; };
		DEB9737E27865ED000B85B3E /* StarsAlignViewModel.swift in Sources */ = {isa = PBXBuildFile; fileRef = DEB9737D27865ED000B85B3E /* StarsAlignViewModel.swift */; };
		DEB9737F27865ED000B85B3E /* StarsAlignViewModel.swift in Sources */ = {isa = PBXBuildFile; fileRef = DEB9737D27865ED000B85B3E /* StarsAlignViewModel.swift */; };
		DEB973812786655000B85B3E /* RepoWebView.swift in Sources */ = {isa = PBXBuildFile; fileRef = DEB973802786655000B85B3E /* RepoWebView.swift */; };
		DEB973822786655000B85B3E /* RepoWebView.swift in Sources */ = {isa = PBXBuildFile; fileRef = DEB973802786655000B85B3E /* RepoWebView.swift */; };
		DED19C01277E252E0042ED48 /* StarsAlignView.swift in Sources */ = {isa = PBXBuildFile; fileRef = DED19C00277E252E0042ED48 /* StarsAlignView.swift */; };
		DED19C02277E252E0042ED48 /* StarsAlignView.swift in Sources */ = {isa = PBXBuildFile; fileRef = DED19C00277E252E0042ED48 /* StarsAlignView.swift */; };
		DED19C04277F71050042ED48 /* StarsAlignInput.swift in Sources */ = {isa = PBXBuildFile; fileRef = DED19C03277F71050042ED48 /* StarsAlignInput.swift */; };
		DED19C05277F71050042ED48 /* StarsAlignInput.swift in Sources */ = {isa = PBXBuildFile; fileRef = DED19C03277F71050042ED48 /* StarsAlignInput.swift */; };
		DED84663277DE70500B34C6C /* PoleCodeApp.swift in Sources */ = {isa = PBXBuildFile; fileRef = DED84653277DE70400B34C6C /* PoleCodeApp.swift */; };
		DED84664277DE70500B34C6C /* PoleCodeApp.swift in Sources */ = {isa = PBXBuildFile; fileRef = DED84653277DE70400B34C6C /* PoleCodeApp.swift */; };
		DED84665277DE70500B34C6C /* HappyNewYearView.swift in Sources */ = {isa = PBXBuildFile; fileRef = DED84654277DE70400B34C6C /* HappyNewYearView.swift */; };
		DED84666277DE70500B34C6C /* HappyNewYearView.swift in Sources */ = {isa = PBXBuildFile; fileRef = DED84654277DE70400B34C6C /* HappyNewYearView.swift */; };
		DED84667277DE70500B34C6C /* Assets.xcassets in Resources */ = {isa = PBXBuildFile; fileRef = DED84655277DE70500B34C6C /* Assets.xcassets */; };
		DED84668277DE70500B34C6C /* Assets.xcassets in Resources */ = {isa = PBXBuildFile; fileRef = DED84655277DE70500B34C6C /* Assets.xcassets */; };
		DEDFC3232780740D0009F38F /* StarsAlign.swift in Sources */ = {isa = PBXBuildFile; fileRef = DEDFC3222780740D0009F38F /* StarsAlign.swift */; };
		DEDFC3242780740D0009F38F /* StarsAlign.swift in Sources */ = {isa = PBXBuildFile; fileRef = DEDFC3222780740D0009F38F /* StarsAlign.swift */; };
		DEE195252786369F00D8634D /* Extentions.swift in Sources */ = {isa = PBXBuildFile; fileRef = DEE195242786369F00D8634D /* Extentions.swift */; };
		DEE195262786369F00D8634D /* Extentions.swift in Sources */ = {isa = PBXBuildFile; fileRef = DEE195242786369F00D8634D /* Extentions.swift */; };
		DEE1952727863ACE00D8634D /* Extentions.swift in Sources */ = {isa = PBXBuildFile; fileRef = DEE195242786369F00D8634D /* Extentions.swift */; };
/* End PBXBuildFile section */

/* Begin PBXContainerItemProxy section */
		DE05A0142782EF9800733D9B /* PBXContainerItemProxy */ = {
			isa = PBXContainerItemProxy;
			containerPortal = DED8464E277DE70400B34C6C /* Project object */;
			proxyType = 1;
			remoteGlobalIDString = DED84659277DE70500B34C6C;
			remoteInfo = "PoleCode (iOS)";
		};
/* End PBXContainerItemProxy section */

/* Begin PBXFileReference section */
		DE05A0102782EF9800733D9B /* PoleCodeTests.xctest */ = {isa = PBXFileReference; explicitFileType = wrapper.cfbundle; includeInIndex = 0; path = PoleCodeTests.xctest; sourceTree = BUILT_PRODUCTS_DIR; };
		DE05A0122782EF9800733D9B /* LanternfishTests.swift */ = {isa = PBXFileReference; lastKnownFileType = sourcecode.swift; path = LanternfishTests.swift; sourceTree = "<group>"; };
		DE05A01A2783537B00733D9B /* Lanternfish.swift */ = {isa = PBXFileReference; lastKnownFileType = sourcecode.swift; path = Lanternfish.swift; sourceTree = "<group>"; };
		DE05A01E278353DD00733D9B /* LanternfishInput.swift */ = {isa = PBXFileReference; lastKnownFileType = sourcecode.swift; path = LanternfishInput.swift; sourceTree = "<group>"; };
		DE82675E2783605000E19309 /* LanternfishView.swift */ = {isa = PBXFileReference; lastKnownFileType = sourcecode.swift; path = LanternfishView.swift; sourceTree = "<group>"; };
		DE826762278363B000E19309 /* PieSliceView.swift */ = {isa = PBXFileReference; lastKnownFileType = sourcecode.swift; path = PieSliceView.swift; sourceTree = "<group>"; };
		DE826766278375F800E19309 /* LanternfishViewModel.swift */ = {isa = PBXFileReference; lastKnownFileType = sourcecode.swift; path = LanternfishViewModel.swift; sourceTree = "<group>"; };
		DEB9737D27865ED000B85B3E /* StarsAlignViewModel.swift */ = {isa = PBXFileReference; lastKnownFileType = sourcecode.swift; path = StarsAlignViewModel.swift; sourceTree = "<group>"; };
		DEB973802786655000B85B3E /* RepoWebView.swift */ = {isa = PBXFileReference; lastKnownFileType = sourcecode.swift; path = RepoWebView.swift; sourceTree = "<group>"; };
		DED19C00277E252E0042ED48 /* StarsAlignView.swift */ = {isa = PBXFileReference; lastKnownFileType = sourcecode.swift; path = StarsAlignView.swift; sourceTree = "<group>"; };
		DED19C03277F71050042ED48 /* StarsAlignInput.swift */ = {isa = PBXFileReference; lastKnownFileType = sourcecode.swift; path = StarsAlignInput.swift; sourceTree = "<group>"; };
		DED84653277DE70400B34C6C /* PoleCodeApp.swift */ = {isa = PBXFileReference; lastKnownFileType = sourcecode.swift; path = PoleCodeApp.swift; sourceTree = "<group>"; };
		DED84654277DE70400B34C6C /* HappyNewYearView.swift */ = {isa = PBXFileReference; lastKnownFileType = sourcecode.swift; path = HappyNewYearView.swift; sourceTree = "<group>"; };
		DED84655277DE70500B34C6C /* Assets.xcassets */ = {isa = PBXFileReference; lastKnownFileType = folder.assetcatalog; path = Assets.xcassets; sourceTree = "<group>"; };
		DED8465A277DE70500B34C6C /* PoleCode.app */ = {isa = PBXFileReference; explicitFileType = wrapper.application; includeInIndex = 0; path = PoleCode.app; sourceTree = BUILT_PRODUCTS_DIR; };
		DED84660277DE70500B34C6C /* PoleCode.app */ = {isa = PBXFileReference; explicitFileType = wrapper.application; includeInIndex = 0; path = PoleCode.app; sourceTree = BUILT_PRODUCTS_DIR; };
		DED84662277DE70500B34C6C /* macOS.entitlements */ = {isa = PBXFileReference; lastKnownFileType = text.plist.entitlements; path = macOS.entitlements; sourceTree = "<group>"; };
		DEDFC3222780740D0009F38F /* StarsAlign.swift */ = {isa = PBXFileReference; lastKnownFileType = sourcecode.swift; path = StarsAlign.swift; sourceTree = "<group>"; };
		DEE195242786369F00D8634D /* Extentions.swift */ = {isa = PBXFileReference; lastKnownFileType = sourcecode.swift; path = Extentions.swift; sourceTree = "<group>"; };
/* End PBXFileReference section */

/* Begin PBXFrameworksBuildPhase section */
		DE05A00D2782EF9800733D9B /* Frameworks */ = {
			isa = PBXFrameworksBuildPhase;
			buildActionMask = 2147483647;
			files = (
			);
			runOnlyForDeploymentPostprocessing = 0;
		};
		DED84657277DE70500B34C6C /* Frameworks */ = {
			isa = PBXFrameworksBuildPhase;
			buildActionMask = 2147483647;
			files = (
			);
			runOnlyForDeploymentPostprocessing = 0;
		};
		DED8465D277DE70500B34C6C /* Frameworks */ = {
			isa = PBXFrameworksBuildPhase;
			buildActionMask = 2147483647;
			files = (
			);
			runOnlyForDeploymentPostprocessing = 0;
		};
/* End PBXFrameworksBuildPhase section */

/* Begin PBXGroup section */
		DE05A0112782EF9800733D9B /* PoleCodeTests */ = {
			isa = PBXGroup;
			children = (
				DE05A0122782EF9800733D9B /* LanternfishTests.swift */,
			);
			path = PoleCodeTests;
			sourceTree = "<group>";
		};
		DE05A0192783532000733D9B /* Lanternfish */ = {
			isa = PBXGroup;
			children = (
				DE82675E2783605000E19309 /* LanternfishView.swift */,
				DE826762278363B000E19309 /* PieSliceView.swift */,
				DE05A01A2783537B00733D9B /* Lanternfish.swift */,
				DE826766278375F800E19309 /* LanternfishViewModel.swift */,
				DE05A01E278353DD00733D9B /* LanternfishInput.swift */,
			);
			path = Lanternfish;
			sourceTree = "<group>";
		};
		DE1BFCF327826EA900558E51 /* StarsAlign */ = {
			isa = PBXGroup;
			children = (
				DEDFC3222780740D0009F38F /* StarsAlign.swift */,
				DEB9737D27865ED000B85B3E /* StarsAlignViewModel.swift */,
				DED19C00277E252E0042ED48 /* StarsAlignView.swift */,
				DED19C03277F71050042ED48 /* StarsAlignInput.swift */,
			);
			path = StarsAlign;
			sourceTree = "<group>";
		};
		DED8464D277DE70400B34C6C = {
			isa = PBXGroup;
			children = (
				DED84652277DE70400B34C6C /* Shared */,
				DED84661277DE70500B34C6C /* macOS */,
				DE05A0112782EF9800733D9B /* PoleCodeTests */,
				DED8465B277DE70500B34C6C /* Products */,
			);
			sourceTree = "<group>";
		};
		DED84652277DE70400B34C6C /* Shared */ = {
			isa = PBXGroup;
			children = (
				DED84653277DE70400B34C6C /* PoleCodeApp.swift */,
				DED84654277DE70400B34C6C /* HappyNewYearView.swift */,
				DEB973802786655000B85B3E /* RepoWebView.swift */,
				DEE195242786369F00D8634D /* Extentions.swift */,
				DE05A0192783532000733D9B /* Lanternfish */,
				DE1BFCF327826EA900558E51 /* StarsAlign */,
				DED84655277DE70500B34C6C /* Assets.xcassets */,
			);
			path = Shared;
			sourceTree = "<group>";
		};
		DED8465B277DE70500B34C6C /* Products */ = {
			isa = PBXGroup;
			children = (
				DED8465A277DE70500B34C6C /* PoleCode.app */,
				DED84660277DE70500B34C6C /* PoleCode.app */,
				DE05A0102782EF9800733D9B /* PoleCodeTests.xctest */,
			);
			name = Products;
			sourceTree = "<group>";
		};
		DED84661277DE70500B34C6C /* macOS */ = {
			isa = PBXGroup;
			children = (
				DED84662277DE70500B34C6C /* macOS.entitlements */,
			);
			path = macOS;
			sourceTree = "<group>";
		};
/* End PBXGroup section */

/* Begin PBXNativeTarget section */
		DE05A00F2782EF9800733D9B /* PoleCodeTests */ = {
			isa = PBXNativeTarget;
			buildConfigurationList = DE05A0182782EF9800733D9B /* Build configuration list for PBXNativeTarget "PoleCodeTests" */;
			buildPhases = (
				DE05A00C2782EF9800733D9B /* Sources */,
				DE05A00D2782EF9800733D9B /* Frameworks */,
				DE05A00E2782EF9800733D9B /* Resources */,
			);
			buildRules = (
			);
			dependencies = (
				DE05A0152782EF9800733D9B /* PBXTargetDependency */,
			);
			name = PoleCodeTests;
			productName = PoleCodeTests;
			productReference = DE05A0102782EF9800733D9B /* PoleCodeTests.xctest */;
			productType = "com.apple.product-type.bundle.unit-test";
		};
		DED84659277DE70500B34C6C /* PoleCode (iOS) */ = {
			isa = PBXNativeTarget;
			buildConfigurationList = DED8466B277DE70500B34C6C /* Build configuration list for PBXNativeTarget "PoleCode (iOS)" */;
			buildPhases = (
				DED84656277DE70500B34C6C /* Sources */,
				DED84657277DE70500B34C6C /* Frameworks */,
				DED84658277DE70500B34C6C /* Resources */,
			);
			buildRules = (
			);
			dependencies = (
			);
			name = "PoleCode (iOS)";
			productName = "PoleCode (iOS)";
			productReference = DED8465A277DE70500B34C6C /* PoleCode.app */;
			productType = "com.apple.product-type.application";
		};
		DED8465F277DE70500B34C6C /* PoleCode (macOS) */ = {
			isa = PBXNativeTarget;
			buildConfigurationList = DED8466E277DE70500B34C6C /* Build configuration list for PBXNativeTarget "PoleCode (macOS)" */;
			buildPhases = (
				DED8465C277DE70500B34C6C /* Sources */,
				DED8465D277DE70500B34C6C /* Frameworks */,
				DED8465E277DE70500B34C6C /* Resources */,
			);
			buildRules = (
			);
			dependencies = (
			);
			name = "PoleCode (macOS)";
			productName = "PoleCode (macOS)";
			productReference = DED84660277DE70500B34C6C /* PoleCode.app */;
			productType = "com.apple.product-type.application";
		};
/* End PBXNativeTarget section */

/* Begin PBXProject section */
		DED8464E277DE70400B34C6C /* Project object */ = {
			isa = PBXProject;
			attributes = {
				BuildIndependentTargetsInParallel = 1;
				LastSwiftUpdateCheck = 1320;
				LastUpgradeCheck = 1320;
				TargetAttributes = {
					DE05A00F2782EF9800733D9B = {
						CreatedOnToolsVersion = 13.2.1;
						TestTargetID = DED84659277DE70500B34C6C;
					};
					DED84659277DE70500B34C6C = {
						CreatedOnToolsVersion = 13.2.1;
					};
					DED8465F277DE70500B34C6C = {
						CreatedOnToolsVersion = 13.2.1;
					};
				};
			};
			buildConfigurationList = DED84651277DE70400B34C6C /* Build configuration list for PBXProject "PoleCode" */;
			compatibilityVersion = "Xcode 13.0";
			developmentRegion = en;
			hasScannedForEncodings = 0;
			knownRegions = (
				en,
				Base,
			);
			mainGroup = DED8464D277DE70400B34C6C;
			productRefGroup = DED8465B277DE70500B34C6C /* Products */;
			projectDirPath = "";
			projectRoot = "";
			targets = (
				DED84659277DE70500B34C6C /* PoleCode (iOS) */,
				DED8465F277DE70500B34C6C /* PoleCode (macOS) */,
				DE05A00F2782EF9800733D9B /* PoleCodeTests */,
			);
		};
/* End PBXProject section */

/* Begin PBXResourcesBuildPhase section */
		DE05A00E2782EF9800733D9B /* Resources */ = {
			isa = PBXResourcesBuildPhase;
			buildActionMask = 2147483647;
			files = (
			);
			runOnlyForDeploymentPostprocessing = 0;
		};
		DED84658277DE70500B34C6C /* Resources */ = {
			isa = PBXResourcesBuildPhase;
			buildActionMask = 2147483647;
			files = (
				DED84667277DE70500B34C6C /* Assets.xcassets in Resources */,
			);
			runOnlyForDeploymentPostprocessing = 0;
		};
		DED8465E277DE70500B34C6C /* Resources */ = {
			isa = PBXResourcesBuildPhase;
			buildActionMask = 2147483647;
			files = (
				DED84668277DE70500B34C6C /* Assets.xcassets in Resources */,
			);
			runOnlyForDeploymentPostprocessing = 0;
		};
/* End PBXResourcesBuildPhase section */

/* Begin PBXSourcesBuildPhase section */
		DE05A00C2782EF9800733D9B /* Sources */ = {
			isa = PBXSourcesBuildPhase;
			buildActionMask = 2147483647;
			files = (
				DE826765278363B000E19309 /* PieSliceView.swift in Sources */,
				DE05A021278353DD00733D9B /* LanternfishInput.swift in Sources */,
				DE8267612783605000E19309 /* LanternfishView.swift in Sources */,
				DE05A01D2783537B00733D9B /* Lanternfish.swift in Sources */,
				DE05A0132782EF9800733D9B /* LanternfishTests.swift in Sources */,
				DE826769278375F800E19309 /* LanternfishViewModel.swift in Sources */,
				DEE1952727863ACE00D8634D /* Extentions.swift in Sources */,
			);
			runOnlyForDeploymentPostprocessing = 0;
		};
		DED84656277DE70500B34C6C /* Sources */ = {
			isa = PBXSourcesBuildPhase;
			buildActionMask = 2147483647;
			files = (
				DED19C04277F71050042ED48 /* StarsAlignInput.swift in Sources */,
				DEDFC3232780740D0009F38F /* StarsAlign.swift in Sources */,
				DEB973812786655000B85B3E /* RepoWebView.swift in Sources */,
				DE05A01B2783537B00733D9B /* Lanternfish.swift in Sources */,
				DEE195252786369F00D8634D /* Extentions.swift in Sources */,
				DEB9737E27865ED000B85B3E /* StarsAlignViewModel.swift in Sources */,
				DE826767278375F800E19309 /* LanternfishViewModel.swift in Sources */,
				DED84665277DE70500B34C6C /* HappyNewYearView.swift in Sources */,
				DED84663277DE70500B34C6C /* PoleCodeApp.swift in Sources */,
				DE826763278363B000E19309 /* PieSliceView.swift in Sources */,
				DED19C01277E252E0042ED48 /* StarsAlignView.swift in Sources */,
				DE05A01F278353DD00733D9B /* LanternfishInput.swift in Sources */,
				DE82675F2783605000E19309 /* LanternfishView.swift in Sources */,
			);
			runOnlyForDeploymentPostprocessing = 0;
		};
		DED8465C277DE70500B34C6C /* Sources */ = {
			isa = PBXSourcesBuildPhase;
			buildActionMask = 2147483647;
			files = (
				DED19C05277F71050042ED48 /* StarsAlignInput.swift in Sources */,
				DEDFC3242780740D0009F38F /* StarsAlign.swift in Sources */,
				DEB973822786655000B85B3E /* RepoWebView.swift in Sources */,
				DE05A01C2783537B00733D9B /* Lanternfish.swift in Sources */,
				DEE195262786369F00D8634D /* Extentions.swift in Sources */,
				DEB9737F27865ED000B85B3E /* StarsAlignViewModel.swift in Sources */,
				DE826768278375F800E19309 /* LanternfishViewModel.swift in Sources */,
				DED84666277DE70500B34C6C /* HappyNewYearView.swift in Sources */,
				DED84664277DE70500B34C6C /* PoleCodeApp.swift in Sources */,
				DE826764278363B000E19309 /* PieSliceView.swift in Sources */,
				DED19C02277E252E0042ED48 /* StarsAlignView.swift in Sources */,
				DE05A020278353DD00733D9B /* LanternfishInput.swift in Sources */,
				DE8267602783605000E19309 /* LanternfishView.swift in Sources */,
			);
			runOnlyForDeploymentPostprocessing = 0;
		};
/* End PBXSourcesBuildPhase section */

/* Begin PBXTargetDependency section */
		DE05A0152782EF9800733D9B /* PBXTargetDependency */ = {
			isa = PBXTargetDependency;
			target = DED84659277DE70500B34C6C /* PoleCode (iOS) */;
			targetProxy = DE05A0142782EF9800733D9B /* PBXContainerItemProxy */;
		};
/* End PBXTargetDependency section */

/* Begin XCBuildConfiguration section */
		DE05A0162782EF9800733D9B /* Debug */ = {
			isa = XCBuildConfiguration;
			buildSettings = {
				BUNDLE_LOADER = "$(TEST_HOST)";
				CODE_SIGN_STYLE = Automatic;
				CURRENT_PROJECT_VERSION = 1;
				DEVELOPMENT_TEAM = 3WR88837J5;
				GENERATE_INFOPLIST_FILE = YES;
				IPHONEOS_DEPLOYMENT_TARGET = 15.2;
				MARKETING_VERSION = 1.0;
				PRODUCT_BUNDLE_IDENTIFIER = com.darkfit.PoleCodeTests;
				PRODUCT_NAME = "$(TARGET_NAME)";
				SDKROOT = iphoneos;
				SWIFT_EMIT_LOC_STRINGS = NO;
				SWIFT_VERSION = 5.0;
				TARGETED_DEVICE_FAMILY = "1,2";
				TEST_HOST = "$(BUILT_PRODUCTS_DIR)/PoleCode.app/PoleCode";
			};
			name = Debug;
		};
		DE05A0172782EF9800733D9B /* Release */ = {
			isa = XCBuildConfiguration;
			buildSettings = {
				BUNDLE_LOADER = "$(TEST_HOST)";
				CODE_SIGN_STYLE = Automatic;
				CURRENT_PROJECT_VERSION = 1;
				DEVELOPMENT_TEAM = 3WR88837J5;
				GENERATE_INFOPLIST_FILE = YES;
				IPHONEOS_DEPLOYMENT_TARGET = 15.2;
				MARKETING_VERSION = 1.0;
				PRODUCT_BUNDLE_IDENTIFIER = com.darkfit.PoleCodeTests;
				PRODUCT_NAME = "$(TARGET_NAME)";
				SDKROOT = iphoneos;
				SWIFT_EMIT_LOC_STRINGS = NO;
				SWIFT_VERSION = 5.0;
				TARGETED_DEVICE_FAMILY = "1,2";
				TEST_HOST = "$(BUILT_PRODUCTS_DIR)/PoleCode.app/PoleCode";
				VALIDATE_PRODUCT = YES;
			};
			name = Release;
		};
		DED84669277DE70500B34C6C /* Debug */ = {
			isa = XCBuildConfiguration;
			buildSettings = {
				ALWAYS_SEARCH_USER_PATHS = NO;
				CLANG_ANALYZER_NONNULL = YES;
				CLANG_ANALYZER_NUMBER_OBJECT_CONVERSION = YES_AGGRESSIVE;
				CLANG_CXX_LANGUAGE_STANDARD = "gnu++17";
				CLANG_CXX_LIBRARY = "libc++";
				CLANG_ENABLE_MODULES = YES;
				CLANG_ENABLE_OBJC_ARC = YES;
				CLANG_ENABLE_OBJC_WEAK = YES;
				CLANG_WARN_BLOCK_CAPTURE_AUTORELEASING = YES;
				CLANG_WARN_BOOL_CONVERSION = YES;
				CLANG_WARN_COMMA = YES;
				CLANG_WARN_CONSTANT_CONVERSION = YES;
				CLANG_WARN_DEPRECATED_OBJC_IMPLEMENTATIONS = YES;
				CLANG_WARN_DIRECT_OBJC_ISA_USAGE = YES_ERROR;
				CLANG_WARN_DOCUMENTATION_COMMENTS = YES;
				CLANG_WARN_EMPTY_BODY = YES;
				CLANG_WARN_ENUM_CONVERSION = YES;
				CLANG_WARN_INFINITE_RECURSION = YES;
				CLANG_WARN_INT_CONVERSION = YES;
				CLANG_WARN_NON_LITERAL_NULL_CONVERSION = YES;
				CLANG_WARN_OBJC_IMPLICIT_RETAIN_SELF = YES;
				CLANG_WARN_OBJC_LITERAL_CONVERSION = YES;
				CLANG_WARN_OBJC_ROOT_CLASS = YES_ERROR;
				CLANG_WARN_QUOTED_INCLUDE_IN_FRAMEWORK_HEADER = YES;
				CLANG_WARN_RANGE_LOOP_ANALYSIS = YES;
				CLANG_WARN_STRICT_PROTOTYPES = YES;
				CLANG_WARN_SUSPICIOUS_MOVE = YES;
				CLANG_WARN_UNGUARDED_AVAILABILITY = YES_AGGRESSIVE;
				CLANG_WARN_UNREACHABLE_CODE = YES;
				CLANG_WARN__DUPLICATE_METHOD_MATCH = YES;
				COPY_PHASE_STRIP = NO;
				DEBUG_INFORMATION_FORMAT = dwarf;
				ENABLE_STRICT_OBJC_MSGSEND = YES;
				ENABLE_TESTABILITY = YES;
				GCC_C_LANGUAGE_STANDARD = gnu11;
				GCC_DYNAMIC_NO_PIC = NO;
				GCC_NO_COMMON_BLOCKS = YES;
				GCC_OPTIMIZATION_LEVEL = 0;
				GCC_PREPROCESSOR_DEFINITIONS = (
					"DEBUG=1",
					"$(inherited)",
				);
				GCC_WARN_64_TO_32_BIT_CONVERSION = YES;
				GCC_WARN_ABOUT_RETURN_TYPE = YES_ERROR;
				GCC_WARN_UNDECLARED_SELECTOR = YES;
				GCC_WARN_UNINITIALIZED_AUTOS = YES_AGGRESSIVE;
				GCC_WARN_UNUSED_FUNCTION = YES;
				GCC_WARN_UNUSED_VARIABLE = YES;
				MTL_ENABLE_DEBUG_INFO = INCLUDE_SOURCE;
				MTL_FAST_MATH = YES;
				ONLY_ACTIVE_ARCH = YES;
				SWIFT_ACTIVE_COMPILATION_CONDITIONS = DEBUG;
				SWIFT_OPTIMIZATION_LEVEL = "-Onone";
			};
			name = Debug;
		};
		DED8466A277DE70500B34C6C /* Release */ = {
			isa = XCBuildConfiguration;
			buildSettings = {
				ALWAYS_SEARCH_USER_PATHS = NO;
				CLANG_ANALYZER_NONNULL = YES;
				CLANG_ANALYZER_NUMBER_OBJECT_CONVERSION = YES_AGGRESSIVE;
				CLANG_CXX_LANGUAGE_STANDARD = "gnu++17";
				CLANG_CXX_LIBRARY = "libc++";
				CLANG_ENABLE_MODULES = YES;
				CLANG_ENABLE_OBJC_ARC = YES;
				CLANG_ENABLE_OBJC_WEAK = YES;
				CLANG_WARN_BLOCK_CAPTURE_AUTORELEASING = YES;
				CLANG_WARN_BOOL_CONVERSION = YES;
				CLANG_WARN_COMMA = YES;
				CLANG_WARN_CONSTANT_CONVERSION = YES;
				CLANG_WARN_DEPRECATED_OBJC_IMPLEMENTATIONS = YES;
				CLANG_WARN_DIRECT_OBJC_ISA_USAGE = YES_ERROR;
				CLANG_WARN_DOCUMENTATION_COMMENTS = YES;
				CLANG_WARN_EMPTY_BODY = YES;
				CLANG_WARN_ENUM_CONVERSION = YES;
				CLANG_WARN_INFINITE_RECURSION = YES;
				CLANG_WARN_INT_CONVERSION = YES;
				CLANG_WARN_NON_LITERAL_NULL_CONVERSION = YES;
				CLANG_WARN_OBJC_IMPLICIT_RETAIN_SELF = YES;
				CLANG_WARN_OBJC_LITERAL_CONVERSION = YES;
				CLANG_WARN_OBJC_ROOT_CLASS = YES_ERROR;
				CLANG_WARN_QUOTED_INCLUDE_IN_FRAMEWORK_HEADER = YES;
				CLANG_WARN_RANGE_LOOP_ANALYSIS = YES;
				CLANG_WARN_STRICT_PROTOTYPES = YES;
				CLANG_WARN_SUSPICIOUS_MOVE = YES;
				CLANG_WARN_UNGUARDED_AVAILABILITY = YES_AGGRESSIVE;
				CLANG_WARN_UNREACHABLE_CODE = YES;
				CLANG_WARN__DUPLICATE_METHOD_MATCH = YES;
				COPY_PHASE_STRIP = NO;
				DEBUG_INFORMATION_FORMAT = "dwarf-with-dsym";
				ENABLE_NS_ASSERTIONS = NO;
				ENABLE_STRICT_OBJC_MSGSEND = YES;
				GCC_C_LANGUAGE_STANDARD = gnu11;
				GCC_NO_COMMON_BLOCKS = YES;
				GCC_WARN_64_TO_32_BIT_CONVERSION = YES;
				GCC_WARN_ABOUT_RETURN_TYPE = YES_ERROR;
				GCC_WARN_UNDECLARED_SELECTOR = YES;
				GCC_WARN_UNINITIALIZED_AUTOS = YES_AGGRESSIVE;
				GCC_WARN_UNUSED_FUNCTION = YES;
				GCC_WARN_UNUSED_VARIABLE = YES;
				MTL_ENABLE_DEBUG_INFO = NO;
				MTL_FAST_MATH = YES;
				SWIFT_COMPILATION_MODE = wholemodule;
				SWIFT_OPTIMIZATION_LEVEL = "-O";
			};
			name = Release;
		};
		DED8466C277DE70500B34C6C /* Debug */ = {
			isa = XCBuildConfiguration;
			buildSettings = {
				ASSETCATALOG_COMPILER_APPICON_NAME = AppIcon;
				ASSETCATALOG_COMPILER_GLOBAL_ACCENT_COLOR_NAME = AccentColor;
				CODE_SIGN_STYLE = Automatic;
				CURRENT_PROJECT_VERSION = 1;
				DEVELOPMENT_TEAM = 3WR88837J5;
				ENABLE_PREVIEWS = YES;
				GENERATE_INFOPLIST_FILE = YES;
				INFOPLIST_KEY_UIApplicationSceneManifest_Generation = YES;
				INFOPLIST_KEY_UIApplicationSupportsIndirectInputEvents = YES;
				INFOPLIST_KEY_UILaunchScreen_Generation = YES;
				INFOPLIST_KEY_UISupportedInterfaceOrientations_iPad = "UIInterfaceOrientationPortrait UIInterfaceOrientationPortraitUpsideDown UIInterfaceOrientationLandscapeLeft UIInterfaceOrientationLandscapeRight";
				INFOPLIST_KEY_UISupportedInterfaceOrientations_iPhone = "UIInterfaceOrientationPortrait UIInterfaceOrientationLandscapeLeft UIInterfaceOrientationLandscapeRight";
				IPHONEOS_DEPLOYMENT_TARGET = 15.2;
				LD_RUNPATH_SEARCH_PATHS = (
					"$(inherited)",
					"@executable_path/Frameworks",
				);
				MARKETING_VERSION = 1.0;
				PRODUCT_BUNDLE_IDENTIFIER = com.darkfit.PoleCode;
				PRODUCT_NAME = PoleCode;
				SDKROOT = iphoneos;
				SWIFT_EMIT_LOC_STRINGS = YES;
				SWIFT_VERSION = 5.0;
				TARGETED_DEVICE_FAMILY = "1,2";
			};
			name = Debug;
		};
		DED8466D277DE70500B34C6C /* Release */ = {
			isa = XCBuildConfiguration;
			buildSettings = {
				ASSETCATALOG_COMPILER_APPICON_NAME = AppIcon;
				ASSETCATALOG_COMPILER_GLOBAL_ACCENT_COLOR_NAME = AccentColor;
				CODE_SIGN_STYLE = Automatic;
				CURRENT_PROJECT_VERSION = 1;
				DEVELOPMENT_TEAM = 3WR88837J5;
				ENABLE_PREVIEWS = YES;
				GENERATE_INFOPLIST_FILE = YES;
				INFOPLIST_KEY_UIApplicationSceneManifest_Generation = YES;
				INFOPLIST_KEY_UIApplicationSupportsIndirectInputEvents = YES;
				INFOPLIST_KEY_UILaunchScreen_Generation = YES;
				INFOPLIST_KEY_UISupportedInterfaceOrientations_iPad = "UIInterfaceOrientationPortrait UIInterfaceOrientationPortraitUpsideDown UIInterfaceOrientationLandscapeLeft UIInterfaceOrientationLandscapeRight";
				INFOPLIST_KEY_UISupportedInterfaceOrientations_iPhone = "UIInterfaceOrientationPortrait UIInterfaceOrientationLandscapeLeft UIInterfaceOrientationLandscapeRight";
				IPHONEOS_DEPLOYMENT_TARGET = 15.2;
				LD_RUNPATH_SEARCH_PATHS = (
					"$(inherited)",
					"@executable_path/Frameworks",
				);
				MARKETING_VERSION = 1.0;
				PRODUCT_BUNDLE_IDENTIFIER = com.darkfit.PoleCode;
				PRODUCT_NAME = PoleCode;
				SDKROOT = iphoneos;
				SWIFT_EMIT_LOC_STRINGS = YES;
				SWIFT_VERSION = 5.0;
				TARGETED_DEVICE_FAMILY = "1,2";
				VALIDATE_PRODUCT = YES;
			};
			name = Release;
		};
		DED8466F277DE70500B34C6C /* Debug */ = {
			isa = XCBuildConfiguration;
			buildSettings = {
				ASSETCATALOG_COMPILER_APPICON_NAME = AppIcon;
				ASSETCATALOG_COMPILER_GLOBAL_ACCENT_COLOR_NAME = AccentColor;
				CODE_SIGN_ENTITLEMENTS = macOS/macOS.entitlements;
				CODE_SIGN_STYLE = Automatic;
				COMBINE_HIDPI_IMAGES = YES;
				CURRENT_PROJECT_VERSION = 1;
				DEVELOPMENT_TEAM = 3WR88837J5;
				ENABLE_HARDENED_RUNTIME = YES;
				ENABLE_PREVIEWS = YES;
				GENERATE_INFOPLIST_FILE = YES;
				INFOPLIST_KEY_NSHumanReadableCopyright = "";
				LD_RUNPATH_SEARCH_PATHS = (
					"$(inherited)",
					"@executable_path/../Frameworks",
				);
				MACOSX_DEPLOYMENT_TARGET = 12.0;
				MARKETING_VERSION = 1.0;
				PRODUCT_BUNDLE_IDENTIFIER = com.darkfit.PoleCode;
				PRODUCT_NAME = PoleCode;
				SDKROOT = macosx;
				SWIFT_EMIT_LOC_STRINGS = YES;
				SWIFT_VERSION = 5.0;
			};
			name = Debug;
		};
		DED84670277DE70500B34C6C /* Release */ = {
			isa = XCBuildConfiguration;
			buildSettings = {
				ASSETCATALOG_COMPILER_APPICON_NAME = AppIcon;
				ASSETCATALOG_COMPILER_GLOBAL_ACCENT_COLOR_NAME = AccentColor;
				CODE_SIGN_ENTITLEMENTS = macOS/macOS.entitlements;
				CODE_SIGN_STYLE = Automatic;
				COMBINE_HIDPI_IMAGES = YES;
				CURRENT_PROJECT_VERSION = 1;
				DEVELOPMENT_TEAM = 3WR88837J5;
				ENABLE_HARDENED_RUNTIME = YES;
				ENABLE_PREVIEWS = YES;
				GENERATE_INFOPLIST_FILE = YES;
				INFOPLIST_KEY_NSHumanReadableCopyright = "";
				LD_RUNPATH_SEARCH_PATHS = (
					"$(inherited)",
					"@executable_path/../Frameworks",
				);
				MACOSX_DEPLOYMENT_TARGET = 12.0;
				MARKETING_VERSION = 1.0;
				PRODUCT_BUNDLE_IDENTIFIER = com.darkfit.PoleCode;
				PRODUCT_NAME = PoleCode;
				SDKROOT = macosx;
				SWIFT_EMIT_LOC_STRINGS = YES;
				SWIFT_VERSION = 5.0;
			};
			name = Release;
		};
/* End XCBuildConfiguration section */

/* Begin XCConfigurationList section */
		DE05A0182782EF9800733D9B /* Build configuration list for PBXNativeTarget "PoleCodeTests" */ = {
			isa = XCConfigurationList;
			buildConfigurations = (
				DE05A0162782EF9800733D9B /* Debug */,
				DE05A0172782EF9800733D9B /* Release */,
			);
			defaultConfigurationIsVisible = 0;
			defaultConfigurationName = Release;
		};
		DED84651277DE70400B34C6C /* Build configuration list for PBXProject "PoleCode" */ = {
			isa = XCConfigurationList;
			buildConfigurations = (
				DED84669277DE70500B34C6C /* Debug */,
				DED8466A277DE70500B34C6C /* Release */,
			);
			defaultConfigurationIsVisible = 0;
			defaultConfigurationName = Release;
		};
		DED8466B277DE70500B34C6C /* Build configuration list for PBXNativeTarget "PoleCode (iOS)" */ = {
			isa = XCConfigurationList;
			buildConfigurations = (
				DED8466C277DE70500B34C6C /* Debug */,
				DED8466D277DE70500B34C6C /* Release */,
			);
			defaultConfigurationIsVisible = 0;
			defaultConfigurationName = Release;
		};
		DED8466E277DE70500B34C6C /* Build configuration list for PBXNativeTarget "PoleCode (macOS)" */ = {
			isa = XCConfigurationList;
			buildConfigurations = (
				DED8466F277DE70500B34C6C /* Debug */,
				DED84670277DE70500B34C6C /* Release */,
			);
			defaultConfigurationIsVisible = 0;
			defaultConfigurationName = Release;
		};
/* End XCConfigurationList section */
	};
	rootObject = DED8464E277DE70400B34C6C /* Project object */;
}
